
Microsoft Visual Studio Solution File, Format Version 12.00
# Visual Studio Version 17
VisualStudioVersion = 17.5.002.0
MinimumVisualStudioVersion = 10.0.40219.1
Project("{9A19103F-16F7-4668-BE54-9A1E7A4F7556}") = "rounding", "rounding.csproj", "{EF2600A5-0E8C-4BD7-8087-3390748A6999}"
EndProject
Global
	GlobalSection(SolutionConfigurationPlatforms) = preSolution
		Debug|Any CPU = Debug|Any CPU
		Release|Any CPU = Release|Any CPU
	EndGlobalSection
	GlobalSection(ProjectConfigurationPlatforms) = postSolution
		{EF2600A5-0E8C-4BD7-8087-3390748A6999}.Debug|Any CPU.ActiveCfg = Debug|Any CPU
		{EF2600A5-0E8C-4BD7-8087-3390748A6999}.Debug|Any CPU.Build.0 = Debug|Any CPU
		{EF2600A5-0E8C-4BD7-8087-3390748A6999}.Release|Any CPU.ActiveCfg = Release|Any CPU
		{EF2600A5-0E8C-4BD7-8087-3390748A6999}.Release|Any CPU.Build.0 = Release|Any CPU
	EndGlobalSection
	GlobalSection(SolutionProperties) = preSolution
		HideSolutionNode = FALSE
	EndGlobalSection
	GlobalSection(ExtensibilityGlobals) = postSolution
		SolutionGuid = {2B61EEBC-ADDC-4096-BA86-56851E590EF5}
	EndGlobalSection
EndGlobal
